
Microsoft Visual Studio Solution File, Format Version 12.00
# Visual Studio Version 17
VisualStudioVersion = 17.14.36429.23
MinimumVisualStudioVersion = 10.0.40219.1
Project("{FAE04EC0-301F-11D3-BF4B-00C04F79EFBC}") = "Todo.Core", "Todo.Core\Todo.Core.csproj", "{EDE00E5A-1624-4CFA-86CE-25D5B6397274}"
EndProject
Project("{FAE04EC0-301F-11D3-BF4B-00C04F79EFBC}") = "Todo.Core.Tests", "Todo.Core.Tests\Todo.Core.Tests.csproj", "{35C547E6-9559-4D0A-9105-04A77622BA5F}"
EndProject
Project("{2150E333-8FDC-42A3-9474-1A3956D46DE8}") = ".github", ".github", "{36D591C7-65C7-A0D1-1CBC-10CDE441BDC8}"
EndProject
Project("{2150E333-8FDC-42A3-9474-1A3956D46DE8}") = "workflows", "workflows", "{95FA5E4F-9579-4FDD-8257-B7EEF71AD36C}"
	ProjectSection(SolutionItems) = preProject
		ci.yml = ci.yml
		publish-package.yml = publish-package.yml
	EndProjectSection
EndProject
Global
	GlobalSection(SolutionConfigurationPlatforms) = preSolution
		Debug|Any CPU = Debug|Any CPU
		Release|Any CPU = Release|Any CPU
	EndGlobalSection
	GlobalSection(ProjectConfigurationPlatforms) = postSolution
		{EDE00E5A-1624-4CFA-86CE-25D5B6397274}.Debug|Any CPU.ActiveCfg = Debug|Any CPU
		{EDE00E5A-1624-4CFA-86CE-25D5B6397274}.Debug|Any CPU.Build.0 = Debug|Any CPU
		{EDE00E5A-1624-4CFA-86CE-25D5B6397274}.Release|Any CPU.ActiveCfg = Release|Any CPU
		{EDE00E5A-1624-4CFA-86CE-25D5B6397274}.Release|Any CPU.Build.0 = Release|Any CPU
		{35C547E6-9559-4D0A-9105-04A77622BA5F}.Debug|Any CPU.ActiveCfg = Debug|Any CPU
		{35C547E6-9559-4D0A-9105-04A77622BA5F}.Debug|Any CPU.Build.0 = Debug|Any CPU
		{35C547E6-9559-4D0A-9105-04A77622BA5F}.Release|Any CPU.ActiveCfg = Release|Any CPU
		{35C547E6-9559-4D0A-9105-04A77622BA5F}.Release|Any CPU.Build.0 = Release|Any CPU
	EndGlobalSection
	GlobalSection(SolutionProperties) = preSolution
		HideSolutionNode = FALSE
	EndGlobalSection
	GlobalSection(NestedProjects) = preSolution
		{95FA5E4F-9579-4FDD-8257-B7EEF71AD36C} = {36D591C7-65C7-A0D1-1CBC-10CDE441BDC8}
	EndGlobalSection
	GlobalSection(ExtensibilityGlobals) = postSolution
		SolutionGuid = {17184C61-0D56-49BA-A55C-34F15FCDD52C}
	EndGlobalSection
EndGlobal
